{
  "name": "@paprika/textarea",
  "version": "0.1.4",
  "lockfileVersion": 1,
  "requires": true,
  "dependencies": {
    "@paprika/helpers": {
      "version": "0.1.1",
      "resolved": "https://registry.npmjs.org/@paprika/helpers/-/helpers-0.1.1.tgz",
      "integrity": "sha512-Wbwe2vS8aCOHp5d3lkBfTUwqgswKUaS+Cm8B4RFUlqmu9oGgHkfbPgCjAd7oC5lUnKAcV9QUah9LFSbO1qD+kQ=="
    }
  }
}
